
Microsoft Visual Studio Solution File, Format Version 12.00
# Visual Studio Version 17
VisualStudioVersion = 17.0.31903.59
MinimumVisualStudioVersion = 10.0.40219.1
Project("{FAE04EC0-301F-11D3-BF4B-00C04F79EFBC}") = "ImageConverterPoc", "ImageConverterPoc\ImageConverterPoc.csproj", "{4180EEBC-13C1-44C6-B0C8-6A9FAAFC507B}"
EndProject
Project("{FAE04EC0-301F-11D3-BF4B-00C04F79EFBC}") = "ImageConverterTestConsole", "ImageConverterTestConsole\ImageConverterTestConsole.csproj", "{605E37DD-3908-43EF-81CE-1D9A1002EBD3}"
EndProject
Global
	GlobalSection(SolutionConfigurationPlatforms) = preSolution
		Debug|Any CPU = Debug|Any CPU
		Debug|x64 = Debug|x64
		Debug|x86 = Debug|x86
		Release|Any CPU = Release|Any CPU
		Release|x64 = Release|x64
		Release|x86 = Release|x86
	EndGlobalSection
	GlobalSection(ProjectConfigurationPlatforms) = postSolution
		{4180EEBC-13C1-44C6-B0C8-6A9FAAFC507B}.Debug|Any CPU.ActiveCfg = Debug|Any CPU
		{4180EEBC-13C1-44C6-B0C8-6A9FAAFC507B}.Debug|Any CPU.Build.0 = Debug|Any CPU
		{4180EEBC-13C1-44C6-B0C8-6A9FAAFC507B}.Debug|x64.ActiveCfg = Debug|Any CPU
		{4180EEBC-13C1-44C6-B0C8-6A9FAAFC507B}.Debug|x64.Build.0 = Debug|Any CPU
		{4180EEBC-13C1-44C6-B0C8-6A9FAAFC507B}.Debug|x86.ActiveCfg = Debug|Any CPU
		{4180EEBC-13C1-44C6-B0C8-6A9FAAFC507B}.Debug|x86.Build.0 = Debug|Any CPU
		{4180EEBC-13C1-44C6-B0C8-6A9FAAFC507B}.Release|Any CPU.ActiveCfg = Release|Any CPU
		{4180EEBC-13C1-44C6-B0C8-6A9FAAFC507B}.Release|Any CPU.Build.0 = Release|Any CPU
		{4180EEBC-13C1-44C6-B0C8-6A9FAAFC507B}.Release|x64.ActiveCfg = Release|Any CPU
		{4180EEBC-13C1-44C6-B0C8-6A9FAAFC507B}.Release|x64.Build.0 = Release|Any CPU
		{4180EEBC-13C1-44C6-B0C8-6A9FAAFC507B}.Release|x86.ActiveCfg = Release|Any CPU
		{4180EEBC-13C1-44C6-B0C8-6A9FAAFC507B}.Release|x86.Build.0 = Release|Any CPU
		{605E37DD-3908-43EF-81CE-1D9A1002EBD3}.Debug|Any CPU.ActiveCfg = Debug|Any CPU
		{605E37DD-3908-43EF-81CE-1D9A1002EBD3}.Debug|Any CPU.Build.0 = Debug|Any CPU
		{605E37DD-3908-43EF-81CE-1D9A1002EBD3}.Debug|x64.ActiveCfg = Debug|Any CPU
		{605E37DD-3908-43EF-81CE-1D9A1002EBD3}.Debug|x64.Build.0 = Debug|Any CPU
		{605E37DD-3908-43EF-81CE-1D9A1002EBD3}.Debug|x86.ActiveCfg = Debug|Any CPU
		{605E37DD-3908-43EF-81CE-1D9A1002EBD3}.Debug|x86.Build.0 = Debug|Any CPU
		{605E37DD-3908-43EF-81CE-1D9A1002EBD3}.Release|Any CPU.ActiveCfg = Release|Any CPU
		{605E37DD-3908-43EF-81CE-1D9A1002EBD3}.Release|Any CPU.Build.0 = Release|Any CPU
		{605E37DD-3908-43EF-81CE-1D9A1002EBD3}.Release|x64.ActiveCfg = Release|Any CPU
		{605E37DD-3908-43EF-81CE-1D9A1002EBD3}.Release|x64.Build.0 = Release|Any CPU
		{605E37DD-3908-43EF-81CE-1D9A1002EBD3}.Release|x86.ActiveCfg = Release|Any CPU
		{605E37DD-3908-43EF-81CE-1D9A1002EBD3}.Release|x86.Build.0 = Release|Any CPU
	EndGlobalSection
	GlobalSection(SolutionProperties) = preSolution
		HideSolutionNode = FALSE
	EndGlobalSection
EndGlobal
